# This file is autogenerated, do not edit; changes may be undone by the next 'dep ensure'.


[[projects]]
  branch = "master"
  name = "github.com/AndreasBriese/bbloom"
  packages = ["."]
  revision = "28f7e881ca57bc00e028f9ede9f0d9104cfeef5e"

[[projects]]
  branch = "master"
  name = "github.com/dgraph-io/badger"
  packages = [".","options","protos","skl","table","y"]
  revision = "935ef5ddf169f2bb3fa1d2a44144e07f1538197c"

[[projects]]
  branch = "master"
  name = "github.com/golang/protobuf"
  packages = ["proto","ptypes","ptypes/any","ptypes/duration","ptypes/timestamp"]
  revision = "11b8df160996e00fd4b55cbaafb3d84ec6d50fa8"

[[projects]]
  branch = "master"
  name = "github.com/hexablock/blox"
  packages = [".","block","device","filesystem","utils"]
  revision = "a2c5c96dab8f9db6951da7d8c5296a78995c0b18"

[[projects]]
  branch = "master"
  name = "github.com/hexablock/go-chord"
  packages = [".","coordinate"]
  revision = "7bfc0487db0fc96387641430ba27b3f719f76b7d"

[[projects]]
  branch = "master"
  name = "github.com/hexablock/hexalog"
  packages = [".","store"]
  revision = "77f74df004c7e2de2af569222a92d71f42adb52f"

[[projects]]
  branch = "master"
  name = "github.com/hexablock/hexaring"
  packages = ["."]
  revision = "b34f07f68cb4ad2816ea4346b0e2108cce336eaf"

[[projects]]
  branch = "master"
  name = "github.com/hexablock/hexatype"
  packages = ["."]
  revision = "60b94ac10a9fcd05bdb9a276fbfe1d2a2512b6cf"

[[projects]]
  branch = "master"
  name = "github.com/hexablock/log"
  packages = ["."]
  revision = "c387aaaa9df159cc3298e855829eb639ebee1e7e"

[[projects]]
  branch = "master"
  name = "github.com/minio/blake2b-simd"
  packages = ["."]
  revision = "3f5f724cb5b182a5c278d6d3d55b40e7f8c2efb4"

[[projects]]
  name = "github.com/pkg/errors"
  packages = ["."]
  revision = "645ef00459ed84a119197bfb8d8205042c6df63d"
  version = "v0.8.0"

[[projects]]
  branch = "master"
  name = "golang.org/x/net"
  packages = ["context","http2","http2/hpack","idna","internal/timeseries","lex/httplex","trace"]
  revision = "8351a756f30f1297fe94bbf4b767ec589c6ea6d0"

[[projects]]
  branch = "master"
  name = "golang.org/x/sys"
  packages = ["unix"]
  revision = "062cd7e4e68206d8bab9b18396626e855c992658"

[[projects]]
  branch = "master"
  name = "golang.org/x/text"
  packages = ["collate","collate/build","internal/colltab","internal/gen","internal/tag","internal/triegen","internal/ucd","language","secure/bidirule","transform","unicode/bidi","unicode/cldr","unicode/norm","unicode/rangetable"]
  revision = "1cbadb444a806fd9430d14ad08967ed91da4fa0a"

[[projects]]
  branch = "master"
  name = "google.golang.org/genproto"
  packages = ["googleapis/rpc/status"]
  revision = "595979c8a7bf586b2d293fb42246bf91a0b893d9"

[[projects]]
  name = "google.golang.org/grpc"
  packages = [".","codes","connectivity","credentials","grpclb/grpc_lb_v1/messages","grpclog","internal","keepalive","metadata","naming","peer","stats","status","tap","transport"]
  revision = "f92cdcd7dcdc69e81b2d7b338479a19a8723cfa3"
  version = "v1.6.0"

[solve-meta]
  analyzer-name = "dep"
  analyzer-version = 1
  inputs-digest = "71f33648c5f3b4f2126c45774b177e15705e6399aaa67619b8177bb9c4941dfc"
  solver-name = "gps-cdcl"
  solver-version = 1
